
Microsoft Visual Studio Solution File, Format Version 12.00
# Visual Studio Version 16
VisualStudioVersion = 16.0.31019.35
MinimumVisualStudioVersion = 10.0.40219.1
Project("{9A19103F-16F7-4668-BE54-9A1E7A4F7556}") = "Order.API", "Order.API\Order.API.csproj", "{E9CB7913-00BB-46F2-9C89-765549FA8587}"
EndProject
Project("{2150E333-8FDC-42A3-9474-1A3956D46DE8}") = "src", "src", "{03817AFC-7215-4510-A7BA-36335FE98425}"
EndProject
Project("{2150E333-8FDC-42A3-9474-1A3956D46DE8}") = "Clients", "Clients", "{BBD78710-A12E-4C0F-AB7F-D510F2166F3F}"
EndProject
Project("{2150E333-8FDC-42A3-9474-1A3956D46DE8}") = "Services", "Services", "{DE90D313-79A5-44F0-A563-523239F4388C}"
EndProject
Project("{2150E333-8FDC-42A3-9474-1A3956D46DE8}") = "Web", "Web", "{74E63AAA-3567-47FD-B902-03F50F88395B}"
EndProject
Project("{2150E333-8FDC-42A3-9474-1A3956D46DE8}") = "Order", "Order", "{DF585F7F-E708-483C-9309-63C21F6A4B19}"
EndProject
Project("{2150E333-8FDC-42A3-9474-1A3956D46DE8}") = "Product", "Product", "{04A81C6E-49BE-4167-A14C-5F30A3543DB3}"
EndProject
Project("{9A19103F-16F7-4668-BE54-9A1E7A4F7556}") = "Product.API", "Product.API\Product.API.csproj", "{93A76F33-9E11-46DA-8C6C-F85EF5C54467}"
EndProject
Project("{9A19103F-16F7-4668-BE54-9A1E7A4F7556}") = "Web.MVC", "Web.MVC\Web.MVC.csproj", "{B4AFA8C1-3EEA-4326-B4DB-0FA88AF5E9EF}"
EndProject
Project("{2150E333-8FDC-42A3-9474-1A3956D46DE8}") = "Tests", "Tests", "{BA724F0B-669A-4432-A754-27B56F622F74}"
EndProject
Project("{FAE04EC0-301F-11D3-BF4B-00C04F79EFBC}") = "AsychronicDemo", "AsychronicDemo\AsychronicDemo.csproj", "{0EEF6813-C50A-4EC3-9747-37743D35C40B}"
EndProject
Global
	GlobalSection(SolutionConfigurationPlatforms) = preSolution
		Debug|Any CPU = Debug|Any CPU
		Release|Any CPU = Release|Any CPU
	EndGlobalSection
	GlobalSection(ProjectConfigurationPlatforms) = postSolution
		{E9CB7913-00BB-46F2-9C89-765549FA8587}.Debug|Any CPU.ActiveCfg = Debug|Any CPU
		{E9CB7913-00BB-46F2-9C89-765549FA8587}.Debug|Any CPU.Build.0 = Debug|Any CPU
		{E9CB7913-00BB-46F2-9C89-765549FA8587}.Release|Any CPU.ActiveCfg = Release|Any CPU
		{E9CB7913-00BB-46F2-9C89-765549FA8587}.Release|Any CPU.Build.0 = Release|Any CPU
		{93A76F33-9E11-46DA-8C6C-F85EF5C54467}.Debug|Any CPU.ActiveCfg = Debug|Any CPU
		{93A76F33-9E11-46DA-8C6C-F85EF5C54467}.Debug|Any CPU.Build.0 = Debug|Any CPU
		{93A76F33-9E11-46DA-8C6C-F85EF5C54467}.Release|Any CPU.ActiveCfg = Release|Any CPU
		{93A76F33-9E11-46DA-8C6C-F85EF5C54467}.Release|Any CPU.Build.0 = Release|Any CPU
		{B4AFA8C1-3EEA-4326-B4DB-0FA88AF5E9EF}.Debug|Any CPU.ActiveCfg = Debug|Any CPU
		{B4AFA8C1-3EEA-4326-B4DB-0FA88AF5E9EF}.Debug|Any CPU.Build.0 = Debug|Any CPU
		{B4AFA8C1-3EEA-4326-B4DB-0FA88AF5E9EF}.Release|Any CPU.ActiveCfg = Release|Any CPU
		{B4AFA8C1-3EEA-4326-B4DB-0FA88AF5E9EF}.Release|Any CPU.Build.0 = Release|Any CPU
		{0EEF6813-C50A-4EC3-9747-37743D35C40B}.Debug|Any CPU.ActiveCfg = Debug|Any CPU
		{0EEF6813-C50A-4EC3-9747-37743D35C40B}.Debug|Any CPU.Build.0 = Debug|Any CPU
		{0EEF6813-C50A-4EC3-9747-37743D35C40B}.Release|Any CPU.ActiveCfg = Release|Any CPU
		{0EEF6813-C50A-4EC3-9747-37743D35C40B}.Release|Any CPU.Build.0 = Release|Any CPU
	EndGlobalSection
	GlobalSection(SolutionProperties) = preSolution
		HideSolutionNode = FALSE
	EndGlobalSection
	GlobalSection(NestedProjects) = preSolution
		{E9CB7913-00BB-46F2-9C89-765549FA8587} = {DF585F7F-E708-483C-9309-63C21F6A4B19}
		{BBD78710-A12E-4C0F-AB7F-D510F2166F3F} = {03817AFC-7215-4510-A7BA-36335FE98425}
		{DE90D313-79A5-44F0-A563-523239F4388C} = {03817AFC-7215-4510-A7BA-36335FE98425}
		{74E63AAA-3567-47FD-B902-03F50F88395B} = {BBD78710-A12E-4C0F-AB7F-D510F2166F3F}
		{DF585F7F-E708-483C-9309-63C21F6A4B19} = {DE90D313-79A5-44F0-A563-523239F4388C}
		{04A81C6E-49BE-4167-A14C-5F30A3543DB3} = {DE90D313-79A5-44F0-A563-523239F4388C}
		{93A76F33-9E11-46DA-8C6C-F85EF5C54467} = {04A81C6E-49BE-4167-A14C-5F30A3543DB3}
		{B4AFA8C1-3EEA-4326-B4DB-0FA88AF5E9EF} = {74E63AAA-3567-47FD-B902-03F50F88395B}
		{BA724F0B-669A-4432-A754-27B56F622F74} = {03817AFC-7215-4510-A7BA-36335FE98425}
		{0EEF6813-C50A-4EC3-9747-37743D35C40B} = {BA724F0B-669A-4432-A754-27B56F622F74}
	EndGlobalSection
	GlobalSection(ExtensibilityGlobals) = postSolution
		SolutionGuid = {AC7678D3-0D0A-45CB-8F1B-F4A7688E303B}
	EndGlobalSection
EndGlobal
